github.com/golang/protobuf v1.3.1 h1:YF8+flBXS5eO826T4nzqPrxfhQThhXl0YzfuUPu4SBg=
github.com/golang/protobuf v1.3.1/go.mod h1:6lQm79b+lXiMfvg/cZm0SGofjICqVBUtrP5yJMmIC1U=
github.com/jhump/protoreflect v1.4.4 h1:kySdALZUh7xRtW6UoZjjHtlR8k7rLzx5EXJFRvsO5UY=
github.com/jhump/protoreflect v1.4.4/go.mod h1:gZ3i/BeD62fjlaIL0VW4UDMT70CTX+3m4pOnAlJ0BX8=
github.com/xitonix/flags v0.0.1 h1:byzHDKtRk0ZCmsKFDAQ1+iL3xc6qzCVomHVIN1Q8J1E=
github.com/xitonix/flags v0.0.1/go.mod h1:u2wBVLaMlqa31kAZB4eqmq7jFX6SmMR8QBDMB3cP92A=
golang.org/x/net v0.0.0-20180530234432-1e491301e022/go.mod h1:mL1N/T3taQHkDXs73rZJwtUhF3w3ftmwwsq0BUmARs4=
golang.org/x/text v0.3.0/go.mod h1:NqM8EUOU14njkJ3fqMW+pc6Ldnwhi/IjpwHt7yyuwOQ=
google.golang.org/genproto v0.0.0-20170818100345-ee236bd376b0 h1:jgaHBfsPDMBDKsth1hPtI1HcOyecWndWOFSGW21VgaM=
google.golang.org/genproto v0.0.0-20170818100345-ee236bd376b0/go.mod h1:JiN7NxoALGmiZfu7CAH4rXhgtRTLTxftemlI0sWmxmc=
google.golang.org/grpc v1.8.0/go.mod h1:yo6s7OP7yaDglbqo1J04qKzAhqBH6lvTonzMVmEdcZw=
